
Microsoft Visual Studio Solution File, Format Version 12.00
# Visual Studio Version 17
VisualStudioVersion = 17.5.33414.496
MinimumVisualStudioVersion = 10.0.40219.1
Project("{FAE04EC0-301F-11D3-BF4B-00C04F79EFBC}") = "Autofocus", "Autofocus\Autofocus.csproj", "{4E1B5B4F-D656-4B12-9411-3FF3D16F950D}"
EndProject
Project("{FAE04EC0-301F-11D3-BF4B-00C04F79EFBC}") = "Autofocus.Terminal", "Autofocus.Terminal\Autofocus.Terminal.csproj", "{F9D26CBC-D0E9-4A57-A810-47455A2F9A04}"
EndProject
Global
	GlobalSection(SolutionConfigurationPlatforms) = preSolution
		Debug|Any CPU = Debug|Any CPU
		Release|Any CPU = Release|Any CPU
	EndGlobalSection
	GlobalSection(ProjectConfigurationPlatforms) = postSolution
		{4E1B5B4F-D656-4B12-9411-3FF3D16F950D}.Debug|Any CPU.ActiveCfg = Debug|Any CPU
		{4E1B5B4F-D656-4B12-9411-3FF3D16F950D}.Debug|Any CPU.Build.0 = Debug|Any CPU
		{4E1B5B4F-D656-4B12-9411-3FF3D16F950D}.Release|Any CPU.ActiveCfg = Release|Any CPU
		{4E1B5B4F-D656-4B12-9411-3FF3D16F950D}.Release|Any CPU.Build.0 = Release|Any CPU
		{F9D26CBC-D0E9-4A57-A810-47455A2F9A04}.Debug|Any CPU.ActiveCfg = Debug|Any CPU
		{F9D26CBC-D0E9-4A57-A810-47455A2F9A04}.Debug|Any CPU.Build.0 = Debug|Any CPU
		{F9D26CBC-D0E9-4A57-A810-47455A2F9A04}.Release|Any CPU.ActiveCfg = Release|Any CPU
		{F9D26CBC-D0E9-4A57-A810-47455A2F9A04}.Release|Any CPU.Build.0 = Release|Any CPU
	EndGlobalSection
	GlobalSection(SolutionProperties) = preSolution
		HideSolutionNode = FALSE
	EndGlobalSection
	GlobalSection(ExtensibilityGlobals) = postSolution
		SolutionGuid = {C19246A9-06FB-47CE-8C7A-1C9D2FBBCF1B}
	EndGlobalSection
EndGlobal
